// !$*UTF8*$!
{
	archiveVersion = 1;
	classes = {
	};
	objectVersion = 56;
	objects = {

/* Begin PBXBuildFile section */
		30609C712AB3333300C9E1A7 /* MainViewModel.swift in Sources */ = {isa = PBXBuildFile; fileRef = 30609C702AB3333300C9E1A7 /* MainViewModel.swift */; };
		30E0A0572AB0BB1700FD1CE4 /* PorttoHomeworkApp.swift in Sources */ = {isa = PBXBuildFile; fileRef = 30E0A0562AB0BB1700FD1CE4 /* PorttoHomeworkApp.swift */; };
		30E0A0592AB0BB1700FD1CE4 /* ContentView.swift in Sources */ = {isa = PBXBuildFile; fileRef = 30E0A0582AB0BB1700FD1CE4 /* ContentView.swift */; };
		30E0A05B2AB0BB1800FD1CE4 /* Assets.xcassets in Resources */ = {isa = PBXBuildFile; fileRef = 30E0A05A2AB0BB1800FD1CE4 /* Assets.xcassets */; };
		30E0A05F2AB0BB1800FD1CE4 /* Preview Assets.xcassets in Resources */ = {isa = PBXBuildFile; fileRef = 30E0A05E2AB0BB1800FD1CE4 /* Preview Assets.xcassets */; };
		30E0A0692AB0BB1900FD1CE4 /* PorttoHomeworkTests.swift in Sources */ = {isa = PBXBuildFile; fileRef = 30E0A0682AB0BB1900FD1CE4 /* PorttoHomeworkTests.swift */; };
		30E0A0732AB0BB1900FD1CE4 /* PorttoHomeworkUITests.swift in Sources */ = {isa = PBXBuildFile; fileRef = 30E0A0722AB0BB1900FD1CE4 /* PorttoHomeworkUITests.swift */; };
		30E0A0752AB0BB1900FD1CE4 /* PorttoHomeworkUITestsLaunchTests.swift in Sources */ = {isa = PBXBuildFile; fileRef = 30E0A0742AB0BB1900FD1CE4 /* PorttoHomeworkUITestsLaunchTests.swift */; };
		30E0A0832AB0BC1E00FD1CE4 /* Web3Actor in Frameworks */ = {isa = PBXBuildFile; productRef = 30E0A0822AB0BC1E00FD1CE4 /* Web3Actor */; };
		30F83C332AB3581E00091E70 /* ThumbnailView.swift in Sources */ = {isa = PBXBuildFile; fileRef = 30F83C322AB3581E00091E70 /* ThumbnailView.swift */; };
		30F83C362AB3730D00091E70 /* SDWebImageSwiftUI in Frameworks */ = {isa = PBXBuildFile; productRef = 30F83C352AB3730D00091E70 /* SDWebImageSwiftUI */; };
		30F83C392AB3732300091E70 /* SDWebImageSVGCoder in Frameworks */ = {isa = PBXBuildFile; productRef = 30F83C382AB3732300091E70 /* SDWebImageSVGCoder */; };
		30F83C3D2AB4985E00091E70 /* NFTDetailView.swift in Sources */ = {isa = PBXBuildFile; fileRef = 30F83C3C2AB4985E00091E70 /* NFTDetailView.swift */; };
/* End PBXBuildFile section */

/* Begin PBXContainerItemProxy section */
		30E0A0652AB0BB1900FD1CE4 /* PBXContainerItemProxy */ = {
			isa = PBXContainerItemProxy;
			containerPortal = 30E0A04B2AB0BB1700FD1CE4 /* Project object */;
			proxyType = 1;
			remoteGlobalIDString = 30E0A0522AB0BB1700FD1CE4;
			remoteInfo = PorttoHomework;
		};
		30E0A06F2AB0BB1900FD1CE4 /* PBXContainerItemProxy */ = {
			isa = PBXContainerItemProxy;
			containerPortal = 30E0A04B2AB0BB1700FD1CE4 /* Project object */;
			proxyType = 1;
			remoteGlobalIDString = 30E0A0522AB0BB1700FD1CE4;
			remoteInfo = PorttoHomework;
		};
/* End PBXContainerItemProxy section */

/* Begin PBXFileReference section */
		30609C702AB3333300C9E1A7 /* MainViewModel.swift */ = {isa = PBXFileReference; lastKnownFileType = sourcecode.swift; path = MainViewModel.swift; sourceTree = "<group>"; };
		30E0A0532AB0BB1700FD1CE4 /* PorttoHomework.app */ = {isa = PBXFileReference; explicitFileType = wrapper.application; includeInIndex = 0; path = PorttoHomework.app; sourceTree = BUILT_PRODUCTS_DIR; };
		30E0A0562AB0BB1700FD1CE4 /* PorttoHomeworkApp.swift */ = {isa = PBXFileReference; lastKnownFileType = sourcecode.swift; path = PorttoHomeworkApp.swift; sourceTree = "<group>"; };
		30E0A0582AB0BB1700FD1CE4 /* ContentView.swift */ = {isa = PBXFileReference; lastKnownFileType = sourcecode.swift; path = ContentView.swift; sourceTree = "<group>"; };
		30E0A05A2AB0BB1800FD1CE4 /* Assets.xcassets */ = {isa = PBXFileReference; lastKnownFileType = folder.assetcatalog; path = Assets.xcassets; sourceTree = "<group>"; };
		30E0A05C2AB0BB1800FD1CE4 /* PorttoHomework.entitlements */ = {isa = PBXFileReference; lastKnownFileType = text.plist.entitlements; path = PorttoHomework.entitlements; sourceTree = "<group>"; };
		30E0A05E2AB0BB1800FD1CE4 /* Preview Assets.xcassets */ = {isa = PBXFileReference; lastKnownFileType = folder.assetcatalog; path = "Preview Assets.xcassets"; sourceTree = "<group>"; };
		30E0A0642AB0BB1900FD1CE4 /* PorttoHomeworkTests.xctest */ = {isa = PBXFileReference; explicitFileType = wrapper.cfbundle; includeInIndex = 0; path = PorttoHomeworkTests.xctest; sourceTree = BUILT_PRODUCTS_DIR; };
		30E0A0682AB0BB1900FD1CE4 /* PorttoHomeworkTests.swift */ = {isa = PBXFileReference; lastKnownFileType = sourcecode.swift; path = PorttoHomeworkTests.swift; sourceTree = "<group>"; };
		30E0A06E2AB0BB1900FD1CE4 /* PorttoHomeworkUITests.xctest */ = {isa = PBXFileReference; explicitFileType = wrapper.cfbundle; includeInIndex = 0; path = PorttoHomeworkUITests.xctest; sourceTree = BUILT_PRODUCTS_DIR; };
		30E0A0722AB0BB1900FD1CE4 /* PorttoHomeworkUITests.swift */ = {isa = PBXFileReference; lastKnownFileType = sourcecode.swift; path = PorttoHomeworkUITests.swift; sourceTree = "<group>"; };
		30E0A0742AB0BB1900FD1CE4 /* PorttoHomeworkUITestsLaunchTests.swift */ = {isa = PBXFileReference; lastKnownFileType = sourcecode.swift; path = PorttoHomeworkUITestsLaunchTests.swift; sourceTree = "<group>"; };
		30F83C322AB3581E00091E70 /* ThumbnailView.swift */ = {isa = PBXFileReference; lastKnownFileType = sourcecode.swift; path = ThumbnailView.swift; sourceTree = "<group>"; };
		30F83C3C2AB4985E00091E70 /* NFTDetailView.swift */ = {isa = PBXFileReference; lastKnownFileType = sourcecode.swift; path = NFTDetailView.swift; sourceTree = "<group>"; };
/* End PBXFileReference section */

/* Begin PBXFrameworksBuildPhase section */
		30E0A0502AB0BB1700FD1CE4 /* Frameworks */ = {
			isa = PBXFrameworksBuildPhase;
			buildActionMask = 2147483647;
			files = (
				30F83C392AB3732300091E70 /* SDWebImageSVGCoder in Frameworks */,
				30F83C362AB3730D00091E70 /* SDWebImageSwiftUI in Frameworks */,
				30E0A0832AB0BC1E00FD1CE4 /* Web3Actor in Frameworks */,
			);
			runOnlyForDeploymentPostprocessing = 0;
		};
		30E0A0612AB0BB1900FD1CE4 /* Frameworks */ = {
			isa = PBXFrameworksBuildPhase;
			buildActionMask = 2147483647;
			files = (
			);
			runOnlyForDeploymentPostprocessing = 0;
		};
		30E0A06B2AB0BB1900FD1CE4 /* Frameworks */ = {
			isa = PBXFrameworksBuildPhase;
			buildActionMask = 2147483647;
			files = (
			);
			runOnlyForDeploymentPostprocessing = 0;
		};
/* End PBXFrameworksBuildPhase section */

/* Begin PBXGroup section */
		30E0A04A2AB0BB1700FD1CE4 = {
			isa = PBXGroup;
			children = (
				30E0A0552AB0BB1700FD1CE4 /* PorttoHomework */,
				30E0A0672AB0BB1900FD1CE4 /* PorttoHomeworkTests */,
				30E0A0712AB0BB1900FD1CE4 /* PorttoHomeworkUITests */,
				30E0A0542AB0BB1700FD1CE4 /* Products */,
			);
			sourceTree = "<group>";
		};
		30E0A0542AB0BB1700FD1CE4 /* Products */ = {
			isa = PBXGroup;
			children = (
				30E0A0532AB0BB1700FD1CE4 /* PorttoHomework.app */,
				30E0A0642AB0BB1900FD1CE4 /* PorttoHomeworkTests.xctest */,
				30E0A06E2AB0BB1900FD1CE4 /* PorttoHomeworkUITests.xctest */,
			);
			name = Products;
			sourceTree = "<group>";
		};
		30E0A0552AB0BB1700FD1CE4 /* PorttoHomework */ = {
			isa = PBXGroup;
			children = (
				30F83C312AB3580B00091E70 /* Components */,
				30E0A0562AB0BB1700FD1CE4 /* PorttoHomeworkApp.swift */,
				30E0A0582AB0BB1700FD1CE4 /* ContentView.swift */,
				30609C702AB3333300C9E1A7 /* MainViewModel.swift */,
				30E0A05A2AB0BB1800FD1CE4 /* Assets.xcassets */,
				30E0A05C2AB0BB1800FD1CE4 /* PorttoHomework.entitlements */,
				30E0A05D2AB0BB1800FD1CE4 /* Preview Content */,
			);
			path = PorttoHomework;
			sourceTree = "<group>";
		};
		30E0A05D2AB0BB1800FD1CE4 /* Preview Content */ = {
			isa = PBXGroup;
			children = (
				30E0A05E2AB0BB1800FD1CE4 /* Preview Assets.xcassets */,
			);
			path = "Preview Content";
			sourceTree = "<group>";
		};
		30E0A0672AB0BB1900FD1CE4 /* PorttoHomeworkTests */ = {
			isa = PBXGroup;
			children = (
				30E0A0682AB0BB1900FD1CE4 /* PorttoHomeworkTests.swift */,
			);
			path = PorttoHomeworkTests;
			sourceTree = "<group>";
		};
		30E0A0712AB0BB1900FD1CE4 /* PorttoHomeworkUITests */ = {
			isa = PBXGroup;
			children = (
				30E0A0722AB0BB1900FD1CE4 /* PorttoHomeworkUITests.swift */,
				30E0A0742AB0BB1900FD1CE4 /* PorttoHomeworkUITestsLaunchTests.swift */,
			);
			path = PorttoHomeworkUITests;
			sourceTree = "<group>";
		};
		30F83C312AB3580B00091E70 /* Components */ = {
			isa = PBXGroup;
			children = (
				30F83C322AB3581E00091E70 /* ThumbnailView.swift */,
				30F83C3C2AB4985E00091E70 /* NFTDetailView.swift */,
			);
			path = Components;
			sourceTree = "<group>";
		};
/* End PBXGroup section */

/* Begin PBXNativeTarget section */
		30E0A0522AB0BB1700FD1CE4 /* PorttoHomework */ = {
			isa = PBXNativeTarget;
			buildConfigurationList = 30E0A0782AB0BB1900FD1CE4 /* Build configuration list for PBXNativeTarget "PorttoHomework" */;
			buildPhases = (
				30E0A04F2AB0BB1700FD1CE4 /* Sources */,
				30E0A0502AB0BB1700FD1CE4 /* Frameworks */,
				30E0A0512AB0BB1700FD1CE4 /* Resources */,
			);
			buildRules = (
			);
			dependencies = (
			);
			name = PorttoHomework;
			packageProductDependencies = (
				30E0A0822AB0BC1E00FD1CE4 /* Web3Actor */,
				30F83C352AB3730D00091E70 /* SDWebImageSwiftUI */,
				30F83C382AB3732300091E70 /* SDWebImageSVGCoder */,
			);
			productName = PorttoHomework;
			productReference = 30E0A0532AB0BB1700FD1CE4 /* PorttoHomework.app */;
			productType = "com.apple.product-type.application";
		};
		30E0A0632AB0BB1900FD1CE4 /* PorttoHomeworkTests */ = {
			isa = PBXNativeTarget;
			buildConfigurationList = 30E0A07B2AB0BB1900FD1CE4 /* Build configuration list for PBXNativeTarget "PorttoHomeworkTests" */;
			buildPhases = (
				30E0A0602AB0BB1900FD1CE4 /* Sources */,
				30E0A0612AB0BB1900FD1CE4 /* Frameworks */,
				30E0A0622AB0BB1900FD1CE4 /* Resources */,
			);
			buildRules = (
			);
			dependencies = (
				30E0A0662AB0BB1900FD1CE4 /* PBXTargetDependency */,
			);
			name = PorttoHomeworkTests;
			productName = PorttoHomeworkTests;
			productReference = 30E0A0642AB0BB1900FD1CE4 /* PorttoHomeworkTests.xctest */;
			productType = "com.apple.product-type.bundle.unit-test";
		};
		30E0A06D2AB0BB1900FD1CE4 /* PorttoHomeworkUITests */ = {
			isa = PBXNativeTarget;
			buildConfigurationList = 30E0A07E2AB0BB1900FD1CE4 /* Build configuration list for PBXNativeTarget "PorttoHomeworkUITests" */;
			buildPhases = (
				30E0A06A2AB0BB1900FD1CE4 /* Sources */,
				30E0A06B2AB0BB1900FD1CE4 /* Frameworks */,
				30E0A06C2AB0BB1900FD1CE4 /* Resources */,
			);
			buildRules = (
			);
			dependencies = (
				30E0A0702AB0BB1900FD1CE4 /* PBXTargetDependency */,
			);
			name = PorttoHomeworkUITests;
			productName = PorttoHomeworkUITests;
			productReference = 30E0A06E2AB0BB1900FD1CE4 /* PorttoHomeworkUITests.xctest */;
			productType = "com.apple.product-type.bundle.ui-testing";
		};
/* End PBXNativeTarget section */

/* Begin PBXProject section */
		30E0A04B2AB0BB1700FD1CE4 /* Project object */ = {
			isa = PBXProject;
			attributes = {
				BuildIndependentTargetsInParallel = 1;
				LastSwiftUpdateCheck = 1430;
				LastUpgradeCheck = 1430;
				TargetAttributes = {
					30E0A0522AB0BB1700FD1CE4 = {
						CreatedOnToolsVersion = 14.3.1;
					};
					30E0A0632AB0BB1900FD1CE4 = {
						CreatedOnToolsVersion = 14.3.1;
						TestTargetID = 30E0A0522AB0BB1700FD1CE4;
					};
					30E0A06D2AB0BB1900FD1CE4 = {
						CreatedOnToolsVersion = 14.3.1;
						TestTargetID = 30E0A0522AB0BB1700FD1CE4;
					};
				};
			};
			buildConfigurationList = 30E0A04E2AB0BB1700FD1CE4 /* Build configuration list for PBXProject "PorttoHomework" */;
			compatibilityVersion = "Xcode 14.0";
			developmentRegion = en;
			hasScannedForEncodings = 0;
			knownRegions = (
				en,
				Base,
			);
			mainGroup = 30E0A04A2AB0BB1700FD1CE4;
			packageReferences = (
				30E0A0812AB0BC1E00FD1CE4 /* XCRemoteSwiftPackageReference "Web3Actor" */,
				30F83C342AB3730D00091E70 /* XCRemoteSwiftPackageReference "SDWebImageSwiftUI" */,
				30F83C372AB3732300091E70 /* XCRemoteSwiftPackageReference "SDWebImageSVGCoder" */,
			);
			productRefGroup = 30E0A0542AB0BB1700FD1CE4 /* Products */;
			projectDirPath = "";
			projectRoot = "";
			targets = (
				30E0A0522AB0BB1700FD1CE4 /* PorttoHomework */,
				30E0A0632AB0BB1900FD1CE4 /* PorttoHomeworkTests */,
				30E0A06D2AB0BB1900FD1CE4 /* PorttoHomeworkUITests */,
			);
		};
/* End PBXProject section */

/* Begin PBXResourcesBuildPhase section */
		30E0A0512AB0BB1700FD1CE4 /* Resources */ = {
			isa = PBXResourcesBuildPhase;
			buildActionMask = 2147483647;
			files = (
				30E0A05F2AB0BB1800FD1CE4 /* Preview Assets.xcassets in Resources */,
				30E0A05B2AB0BB1800FD1CE4 /* Assets.xcassets in Resources */,
			);
			runOnlyForDeploymentPostprocessing = 0;
		};
		30E0A0622AB0BB1900FD1CE4 /* Resources */ = {
			isa = PBXResourcesBuildPhase;
			buildActionMask = 2147483647;
			files = (
			);
			runOnlyForDeploymentPostprocessing = 0;
		};
		30E0A06C2AB0BB1900FD1CE4 /* Resources */ = {
			isa = PBXResourcesBuildPhase;
			buildActionMask = 2147483647;
			files = (
			);
			runOnlyForDeploymentPostprocessing = 0;
		};
/* End PBXResourcesBuildPhase section */

/* Begin PBXSourcesBuildPhase section */
		30E0A04F2AB0BB1700FD1CE4 /* Sources */ = {
			isa = PBXSourcesBuildPhase;
			buildActionMask = 2147483647;
			files = (
				30E0A0592AB0BB1700FD1CE4 /* ContentView.swift in Sources */,
				30F83C332AB3581E00091E70 /* ThumbnailView.swift in Sources */,
				30E0A0572AB0BB1700FD1CE4 /* PorttoHomeworkApp.swift in Sources */,
				30609C712AB3333300C9E1A7 /* MainViewModel.swift in Sources */,
				30F83C3D2AB4985E00091E70 /* NFTDetailView.swift in Sources */,
			);
			runOnlyForDeploymentPostprocessing = 0;
		};
		30E0A0602AB0BB1900FD1CE4 /* Sources */ = {
			isa = PBXSourcesBuildPhase;
			buildActionMask = 2147483647;
			files = (
				30E0A0692AB0BB1900FD1CE4 /* PorttoHomeworkTests.swift in Sources */,
			);
			runOnlyForDeploymentPostprocessing = 0;
		};
		30E0A06A2AB0BB1900FD1CE4 /* Sources */ = {
			isa = PBXSourcesBuildPhase;
			buildActionMask = 2147483647;
			files = (
				30E0A0752AB0BB1900FD1CE4 /* PorttoHomeworkUITestsLaunchTests.swift in Sources */,
				30E0A0732AB0BB1900FD1CE4 /* PorttoHomeworkUITests.swift in Sources */,
			);
			runOnlyForDeploymentPostprocessing = 0;
		};
/* End PBXSourcesBuildPhase section */

/* Begin PBXTargetDependency section */
		30E0A0662AB0BB1900FD1CE4 /* PBXTargetDependency */ = {
			isa = PBXTargetDependency;
			target = 30E0A0522AB0BB1700FD1CE4 /* PorttoHomework */;
			targetProxy = 30E0A0652AB0BB1900FD1CE4 /* PBXContainerItemProxy */;
		};
		30E0A0702AB0BB1900FD1CE4 /* PBXTargetDependency */ = {
			isa = PBXTargetDependency;
			target = 30E0A0522AB0BB1700FD1CE4 /* PorttoHomework */;
			targetProxy = 30E0A06F2AB0BB1900FD1CE4 /* PBXContainerItemProxy */;
		};
/* End PBXTargetDependency section */

/* Begin XCBuildConfiguration section */
		30E0A0762AB0BB1900FD1CE4 /* Debug */ = {
			isa = XCBuildConfiguration;
			buildSettings = {
				ALWAYS_SEARCH_USER_PATHS = NO;
				CLANG_ANALYZER_NONNULL = YES;
				CLANG_ANALYZER_NUMBER_OBJECT_CONVERSION = YES_AGGRESSIVE;
				CLANG_CXX_LANGUAGE_STANDARD = "gnu++20";
				CLANG_ENABLE_MODULES = YES;
				CLANG_ENABLE_OBJC_ARC = YES;
				CLANG_ENABLE_OBJC_WEAK = YES;
				CLANG_WARN_BLOCK_CAPTURE_AUTORELEASING = YES;
				CLANG_WARN_BOOL_CONVERSION = YES;
				CLANG_WARN_COMMA = YES;
				CLANG_WARN_CONSTANT_CONVERSION = YES;
				CLANG_WARN_DEPRECATED_OBJC_IMPLEMENTATIONS = YES;
				CLANG_WARN_DIRECT_OBJC_ISA_USAGE = YES_ERROR;
				CLANG_WARN_DOCUMENTATION_COMMENTS = YES;
				CLANG_WARN_EMPTY_BODY = YES;
				CLANG_WARN_ENUM_CONVERSION = YES;
				CLANG_WARN_INFINITE_RECURSION = YES;
				CLANG_WARN_INT_CONVERSION = YES;
				CLANG_WARN_NON_LITERAL_NULL_CONVERSION = YES;
				CLANG_WARN_OBJC_IMPLICIT_RETAIN_SELF = YES;
				CLANG_WARN_OBJC_LITERAL_CONVERSION = YES;
				CLANG_WARN_OBJC_ROOT_CLASS = YES_ERROR;
				CLANG_WARN_QUOTED_INCLUDE_IN_FRAMEWORK_HEADER = YES;
				CLANG_WARN_RANGE_LOOP_ANALYSIS = YES;
				CLANG_WARN_STRICT_PROTOTYPES = YES;
				CLANG_WARN_SUSPICIOUS_MOVE = YES;
				CLANG_WARN_UNGUARDED_AVAILABILITY = YES_AGGRESSIVE;
				CLANG_WARN_UNREACHABLE_CODE = YES;
				CLANG_WARN__DUPLICATE_METHOD_MATCH = YES;
				COPY_PHASE_STRIP = NO;
				DEBUG_INFORMATION_FORMAT = dwarf;
				ENABLE_STRICT_OBJC_MSGSEND = YES;
				ENABLE_TESTABILITY = YES;
				GCC_C_LANGUAGE_STANDARD = gnu11;
				GCC_DYNAMIC_NO_PIC = NO;
				GCC_NO_COMMON_BLOCKS = YES;
				GCC_OPTIMIZATION_LEVEL = 0;
				GCC_PREPROCESSOR_DEFINITIONS = (
					"DEBUG=1",
					"$(inherited)",
				);
				GCC_WARN_64_TO_32_BIT_CONVERSION = YES;
				GCC_WARN_ABOUT_RETURN_TYPE = YES_ERROR;
				GCC_WARN_UNDECLARED_SELECTOR = YES;
				GCC_WARN_UNINITIALIZED_AUTOS = YES_AGGRESSIVE;
				GCC_WARN_UNUSED_FUNCTION = YES;
				GCC_WARN_UNUSED_VARIABLE = YES;
				MTL_ENABLE_DEBUG_INFO = INCLUDE_SOURCE;
				MTL_FAST_MATH = YES;
				ONLY_ACTIVE_ARCH = YES;
				SWIFT_ACTIVE_COMPILATION_CONDITIONS = DEBUG;
				SWIFT_OPTIMIZATION_LEVEL = "-Onone";
			};
			name = Debug;
		};
		30E0A0772AB0BB1900FD1CE4 /* Release */ = {
			isa = XCBuildConfiguration;
			buildSettings = {
				ALWAYS_SEARCH_USER_PATHS = NO;
				CLANG_ANALYZER_NONNULL = YES;
				CLANG_ANALYZER_NUMBER_OBJECT_CONVERSION = YES_AGGRESSIVE;
				CLANG_CXX_LANGUAGE_STANDARD = "gnu++20";
				CLANG_ENABLE_MODULES = YES;
				CLANG_ENABLE_OBJC_ARC = YES;
				CLANG_ENABLE_OBJC_WEAK = YES;
				CLANG_WARN_BLOCK_CAPTURE_AUTORELEASING = YES;
				CLANG_WARN_BOOL_CONVERSION = YES;
				CLANG_WARN_COMMA = YES;
				CLANG_WARN_CONSTANT_CONVERSION = YES;
				CLANG_WARN_DEPRECATED_OBJC_IMPLEMENTATIONS = YES;
				CLANG_WARN_DIRECT_OBJC_ISA_USAGE = YES_ERROR;
				CLANG_WARN_DOCUMENTATION_COMMENTS = YES;
				CLANG_WARN_EMPTY_BODY = YES;
				CLANG_WARN_ENUM_CONVERSION = YES;
				CLANG_WARN_INFINITE_RECURSION = YES;
				CLANG_WARN_INT_CONVERSION = YES;
				CLANG_WARN_NON_LITERAL_NULL_CONVERSION = YES;
				CLANG_WARN_OBJC_IMPLICIT_RETAIN_SELF = YES;
				CLANG_WARN_OBJC_LITERAL_CONVERSION = YES;
				CLANG_WARN_OBJC_ROOT_CLASS = YES_ERROR;
				CLANG_WARN_QUOTED_INCLUDE_IN_FRAMEWORK_HEADER = YES;
				CLANG_WARN_RANGE_LOOP_ANALYSIS = YES;
				CLANG_WARN_STRICT_PROTOTYPES = YES;
				CLANG_WARN_SUSPICIOUS_MOVE = YES;
				CLANG_WARN_UNGUARDED_AVAILABILITY = YES_AGGRESSIVE;
				CLANG_WARN_UNREACHABLE_CODE = YES;
				CLANG_WARN__DUPLICATE_METHOD_MATCH = YES;
				COPY_PHASE_STRIP = NO;
				DEBUG_INFORMATION_FORMAT = "dwarf-with-dsym";
				ENABLE_NS_ASSERTIONS = NO;
				ENABLE_STRICT_OBJC_MSGSEND = YES;
				GCC_C_LANGUAGE_STANDARD = gnu11;
				GCC_NO_COMMON_BLOCKS = YES;
				GCC_WARN_64_TO_32_BIT_CONVERSION = YES;
				GCC_WARN_ABOUT_RETURN_TYPE = YES_ERROR;
				GCC_WARN_UNDECLARED_SELECTOR = YES;
				GCC_WARN_UNINITIALIZED_AUTOS = YES_AGGRESSIVE;
				GCC_WARN_UNUSED_FUNCTION = YES;
				GCC_WARN_UNUSED_VARIABLE = YES;
				MTL_ENABLE_DEBUG_INFO = NO;
				MTL_FAST_MATH = YES;
				SWIFT_COMPILATION_MODE = wholemodule;
				SWIFT_OPTIMIZATION_LEVEL = "-O";
			};
			name = Release;
		};
		30E0A0792AB0BB1900FD1CE4 /* Debug */ = {
			isa = XCBuildConfiguration;
			buildSettings = {
				ASSETCATALOG_COMPILER_APPICON_NAME = AppIcon;
				ASSETCATALOG_COMPILER_GLOBAL_ACCENT_COLOR_NAME = AccentColor;
				CODE_SIGN_ENTITLEMENTS = PorttoHomework/PorttoHomework.entitlements;
				CODE_SIGN_STYLE = Automatic;
				CURRENT_PROJECT_VERSION = 1;
				DEVELOPMENT_ASSET_PATHS = "\"PorttoHomework/Preview Content\"";
				DEVELOPMENT_TEAM = 83MAPZ6H3F;
				ENABLE_HARDENED_RUNTIME = YES;
				ENABLE_PREVIEWS = YES;
				GENERATE_INFOPLIST_FILE = YES;
				"INFOPLIST_KEY_UIApplicationSceneManifest_Generation[sdk=iphoneos*]" = YES;
				"INFOPLIST_KEY_UIApplicationSceneManifest_Generation[sdk=iphonesimulator*]" = YES;
				"INFOPLIST_KEY_UIApplicationSupportsIndirectInputEvents[sdk=iphoneos*]" = YES;
				"INFOPLIST_KEY_UIApplicationSupportsIndirectInputEvents[sdk=iphonesimulator*]" = YES;
				"INFOPLIST_KEY_UILaunchScreen_Generation[sdk=iphoneos*]" = YES;
				"INFOPLIST_KEY_UILaunchScreen_Generation[sdk=iphonesimulator*]" = YES;
				"INFOPLIST_KEY_UIStatusBarStyle[sdk=iphoneos*]" = UIStatusBarStyleDefault;
				"INFOPLIST_KEY_UIStatusBarStyle[sdk=iphonesimulator*]" = UIStatusBarStyleDefault;
				INFOPLIST_KEY_UISupportedInterfaceOrientations_iPad = "UIInterfaceOrientationPortrait UIInterfaceOrientationPortraitUpsideDown UIInterfaceOrientationLandscapeLeft UIInterfaceOrientationLandscapeRight";
				INFOPLIST_KEY_UISupportedInterfaceOrientations_iPhone = "UIInterfaceOrientationPortrait UIInterfaceOrientationLandscapeLeft UIInterfaceOrientationLandscapeRight";
				IPHONEOS_DEPLOYMENT_TARGET = 16.4;
				LD_RUNPATH_SEARCH_PATHS = "@executable_path/Frameworks";
				"LD_RUNPATH_SEARCH_PATHS[sdk=macosx*]" = "@executable_path/../Frameworks";
				MACOSX_DEPLOYMENT_TARGET = 13.3;
				MARKETING_VERSION = 1.0;
				PRODUCT_BUNDLE_IDENTIFIER = iresh.studio.PorttoHomework;
				PRODUCT_NAME = "$(TARGET_NAME)";
				SDKROOT = auto;
				SUPPORTED_PLATFORMS = "iphoneos iphonesimulator";
				SUPPORTS_MACCATALYST = NO;
				SUPPORTS_MAC_DESIGNED_FOR_IPHONE_IPAD = NO;
				SWIFT_EMIT_LOC_STRINGS = YES;
				SWIFT_VERSION = 5.0;
				TARGETED_DEVICE_FAMILY = 1;
			};
			name = Debug;
		};
		30E0A07A2AB0BB1900FD1CE4 /* Release */ = {
			isa = XCBuildConfiguration;
			buildSettings = {
				ASSETCATALOG_COMPILER_APPICON_NAME = AppIcon;
				ASSETCATALOG_COMPILER_GLOBAL_ACCENT_COLOR_NAME = AccentColor;
				CODE_SIGN_ENTITLEMENTS = PorttoHomework/PorttoHomework.entitlements;
				CODE_SIGN_STYLE = Automatic;
				CURRENT_PROJECT_VERSION = 1;
				DEVELOPMENT_ASSET_PATHS = "\"PorttoHomework/Preview Content\"";
				DEVELOPMENT_TEAM = 83MAPZ6H3F;
				ENABLE_HARDENED_RUNTIME = YES;
				ENABLE_PREVIEWS = YES;
				GENERATE_INFOPLIST_FILE = YES;
				"INFOPLIST_KEY_UIApplicationSceneManifest_Generation[sdk=iphoneos*]" = YES;
				"INFOPLIST_KEY_UIApplicationSceneManifest_Generation[sdk=iphonesimulator*]" = YES;
				"INFOPLIST_KEY_UIApplicationSupportsIndirectInputEvents[sdk=iphoneos*]" = YES;
				"INFOPLIST_KEY_UIApplicationSupportsIndirectInputEvents[sdk=iphonesimulator*]" = YES;
				"INFOPLIST_KEY_UILaunchScreen_Generation[sdk=iphoneos*]" = YES;
				"INFOPLIST_KEY_UILaunchScreen_Generation[sdk=iphonesimulator*]" = YES;
				"INFOPLIST_KEY_UIStatusBarStyle[sdk=iphoneos*]" = UIStatusBarStyleDefault;
				"INFOPLIST_KEY_UIStatusBarStyle[sdk=iphonesimulator*]" = UIStatusBarStyleDefault;
				INFOPLIST_KEY_UISupportedInterfaceOrientations_iPad = "UIInterfaceOrientationPortrait UIInterfaceOrientationPortraitUpsideDown UIInterfaceOrientationLandscapeLeft UIInterfaceOrientationLandscapeRight";
				INFOPLIST_KEY_UISupportedInterfaceOrientations_iPhone = "UIInterfaceOrientationPortrait UIInterfaceOrientationLandscapeLeft UIInterfaceOrientationLandscapeRight";
				IPHONEOS_DEPLOYMENT_TARGET = 16.4;
				LD_RUNPATH_SEARCH_PATHS = "@executable_path/Frameworks";
				"LD_RUNPATH_SEARCH_PATHS[sdk=macosx*]" = "@executable_path/../Frameworks";
				MACOSX_DEPLOYMENT_TARGET = 13.3;
				MARKETING_VERSION = 1.0;
				PRODUCT_BUNDLE_IDENTIFIER = iresh.studio.PorttoHomework;
				PRODUCT_NAME = "$(TARGET_NAME)";
				SDKROOT = auto;
				SUPPORTED_PLATFORMS = "iphoneos iphonesimulator";
				SUPPORTS_MACCATALYST = NO;
				SUPPORTS_MAC_DESIGNED_FOR_IPHONE_IPAD = NO;
				SWIFT_EMIT_LOC_STRINGS = YES;
				SWIFT_VERSION = 5.0;
				TARGETED_DEVICE_FAMILY = 1;
			};
			name = Release;
		};
		30E0A07C2AB0BB1900FD1CE4 /* Debug */ = {
			isa = XCBuildConfiguration;
			buildSettings = {
				ALWAYS_EMBED_SWIFT_STANDARD_LIBRARIES = YES;
				BUNDLE_LOADER = "$(TEST_HOST)";
				CODE_SIGN_STYLE = Automatic;
				CURRENT_PROJECT_VERSION = 1;
				DEVELOPMENT_TEAM = 83MAPZ6H3F;
				GENERATE_INFOPLIST_FILE = YES;
				IPHONEOS_DEPLOYMENT_TARGET = 16.4;
				MACOSX_DEPLOYMENT_TARGET = 13.3;
				MARKETING_VERSION = 1.0;
				PRODUCT_BUNDLE_IDENTIFIER = iresh.studio.PorttoHomeworkTests;
				PRODUCT_NAME = "$(TARGET_NAME)";
				SDKROOT = auto;
				SUPPORTED_PLATFORMS = "iphoneos iphonesimulator macosx";
				SWIFT_EMIT_LOC_STRINGS = NO;
				SWIFT_VERSION = 5.0;
				TARGETED_DEVICE_FAMILY = "1,2";
				TEST_HOST = "$(BUILT_PRODUCTS_DIR)/PorttoHomework.app/$(BUNDLE_EXECUTABLE_FOLDER_PATH)/PorttoHomework";
			};
			name = Debug;
		};
		30E0A07D2AB0BB1900FD1CE4 /* Release */ = {
			isa = XCBuildConfiguration;
			buildSettings = {
				ALWAYS_EMBED_SWIFT_STANDARD_LIBRARIES = YES;
				BUNDLE_LOADER = "$(TEST_HOST)";
				CODE_SIGN_STYLE = Automatic;
				CURRENT_PROJECT_VERSION = 1;
				DEVELOPMENT_TEAM = 83MAPZ6H3F;
				GENERATE_INFOPLIST_FILE = YES;
				IPHONEOS_DEPLOYMENT_TARGET = 16.4;
				MACOSX_DEPLOYMENT_TARGET = 13.3;
				MARKETING_VERSION = 1.0;
				PRODUCT_BUNDLE_IDENTIFIER = iresh.studio.PorttoHomeworkTests;
				PRODUCT_NAME = "$(TARGET_NAME)";
				SDKROOT = auto;
				SUPPORTED_PLATFORMS = "iphoneos iphonesimulator macosx";
				SWIFT_EMIT_LOC_STRINGS = NO;
				SWIFT_VERSION = 5.0;
				TARGETED_DEVICE_FAMILY = "1,2";
				TEST_HOST = "$(BUILT_PRODUCTS_DIR)/PorttoHomework.app/$(BUNDLE_EXECUTABLE_FOLDER_PATH)/PorttoHomework";
			};
			name = Release;
		};
		30E0A07F2AB0BB1900FD1CE4 /* Debug */ = {
			isa = XCBuildConfiguration;
			buildSettings = {
				ALWAYS_EMBED_SWIFT_STANDARD_LIBRARIES = YES;
				CODE_SIGN_STYLE = Automatic;
				CURRENT_PROJECT_VERSION = 1;
				DEVELOPMENT_TEAM = 83MAPZ6H3F;
				GENERATE_INFOPLIST_FILE = YES;
				IPHONEOS_DEPLOYMENT_TARGET = 16.4;
				MACOSX_DEPLOYMENT_TARGET = 13.3;
				MARKETING_VERSION = 1.0;
				PRODUCT_BUNDLE_IDENTIFIER = iresh.studio.PorttoHomeworkUITests;
				PRODUCT_NAME = "$(TARGET_NAME)";
				SDKROOT = auto;
				SUPPORTED_PLATFORMS = "iphoneos iphonesimulator macosx";
				SWIFT_EMIT_LOC_STRINGS = NO;
				SWIFT_VERSION = 5.0;
				TARGETED_DEVICE_FAMILY = "1,2";
				TEST_TARGET_NAME = PorttoHomework;
			};
			name = Debug;
		};
		30E0A0802AB0BB1900FD1CE4 /* Release */ = {
			isa = XCBuildConfiguration;
			buildSettings = {
				ALWAYS_EMBED_SWIFT_STANDARD_LIBRARIES = YES;
				CODE_SIGN_STYLE = Automatic;
				CURRENT_PROJECT_VERSION = 1;
				DEVELOPMENT_TEAM = 83MAPZ6H3F;
				GENERATE_INFOPLIST_FILE = YES;
				IPHONEOS_DEPLOYMENT_TARGET = 16.4;
				MACOSX_DEPLOYMENT_TARGET = 13.3;
				MARKETING_VERSION = 1.0;
				PRODUCT_BUNDLE_IDENTIFIER = iresh.studio.PorttoHomeworkUITests;
				PRODUCT_NAME = "$(TARGET_NAME)";
				SDKROOT = auto;
				SUPPORTED_PLATFORMS = "iphoneos iphonesimulator macosx";
				SWIFT_EMIT_LOC_STRINGS = NO;
				SWIFT_VERSION = 5.0;
				TARGETED_DEVICE_FAMILY = "1,2";
				TEST_TARGET_NAME = PorttoHomework;
			};
			name = Release;
		};
/* End XCBuildConfiguration section */

/* Begin XCConfigurationList section */
		30E0A04E2AB0BB1700FD1CE4 /* Build configuration list for PBXProject "PorttoHomework" */ = {
			isa = XCConfigurationList;
			buildConfigurations = (
				30E0A0762AB0BB1900FD1CE4 /* Debug */,
				30E0A0772AB0BB1900FD1CE4 /* Release */,
			);
			defaultConfigurationIsVisible = 0;
			defaultConfigurationName = Release;
		};
		30E0A0782AB0BB1900FD1CE4 /* Build configuration list for PBXNativeTarget "PorttoHomework" */ = {
			isa = XCConfigurationList;
			buildConfigurations = (
				30E0A0792AB0BB1900FD1CE4 /* Debug */,
				30E0A07A2AB0BB1900FD1CE4 /* Release */,
			);
			defaultConfigurationIsVisible = 0;
			defaultConfigurationName = Release;
		};
		30E0A07B2AB0BB1900FD1CE4 /* Build configuration list for PBXNativeTarget "PorttoHomeworkTests" */ = {
			isa = XCConfigurationList;
			buildConfigurations = (
				30E0A07C2AB0BB1900FD1CE4 /* Debug */,
				30E0A07D2AB0BB1900FD1CE4 /* Release */,
			);
			defaultConfigurationIsVisible = 0;
			defaultConfigurationName = Release;
		};
		30E0A07E2AB0BB1900FD1CE4 /* Build configuration list for PBXNativeTarget "PorttoHomeworkUITests" */ = {
			isa = XCConfigurationList;
			buildConfigurations = (
				30E0A07F2AB0BB1900FD1CE4 /* Debug */,
				30E0A0802AB0BB1900FD1CE4 /* Release */,
			);
			defaultConfigurationIsVisible = 0;
			defaultConfigurationName = Release;
		};
/* End XCConfigurationList section */

/* Begin XCRemoteSwiftPackageReference section */
		30E0A0812AB0BC1E00FD1CE4 /* XCRemoteSwiftPackageReference "Web3Actor" */ = {
			isa = XCRemoteSwiftPackageReference;
			repositoryURL = "https://github.com/shanelic/Web3Actor.git";
			requirement = {
				kind = upToNextMajorVersion;
				minimumVersion = 0.0.5;
			};
		};
		30F83C342AB3730D00091E70 /* XCRemoteSwiftPackageReference "SDWebImageSwiftUI" */ = {
			isa = XCRemoteSwiftPackageReference;
			repositoryURL = "https://github.com/SDWebImage/SDWebImageSwiftUI.git";
			requirement = {
				kind = upToNextMajorVersion;
				minimumVersion = 2.0.0;
			};
		};
		30F83C372AB3732300091E70 /* XCRemoteSwiftPackageReference "SDWebImageSVGCoder" */ = {
			isa = XCRemoteSwiftPackageReference;
			repositoryURL = "https://github.com/SDWebImage/SDWebImageSVGCoder.git";
			requirement = {
				kind = upToNextMajorVersion;
				minimumVersion = 1.0.0;
			};
		};
/* End XCRemoteSwiftPackageReference section */

/* Begin XCSwiftPackageProductDependency section */
		30E0A0822AB0BC1E00FD1CE4 /* Web3Actor */ = {
			isa = XCSwiftPackageProductDependency;
			package = 30E0A0812AB0BC1E00FD1CE4 /* XCRemoteSwiftPackageReference "Web3Actor" */;
			productName = Web3Actor;
		};
		30F83C352AB3730D00091E70 /* SDWebImageSwiftUI */ = {
			isa = XCSwiftPackageProductDependency;
			package = 30F83C342AB3730D00091E70 /* XCRemoteSwiftPackageReference "SDWebImageSwiftUI" */;
			productName = SDWebImageSwiftUI;
		};
		30F83C382AB3732300091E70 /* SDWebImageSVGCoder */ = {
			isa = XCSwiftPackageProductDependency;
			package = 30F83C372AB3732300091E70 /* XCRemoteSwiftPackageReference "SDWebImageSVGCoder" */;
			productName = SDWebImageSVGCoder;
		};
/* End XCSwiftPackageProductDependency section */
	};
	rootObject = 30E0A04B2AB0BB1700FD1CE4 /* Project object */;
}
